
Microsoft Visual Studio Solution File, Format Version 12.00
# Visual Studio Version 17
VisualStudioVersion = 17.12.35707.178
MinimumVisualStudioVersion = 10.0.40219.1
Project("{2150E333-8FDC-42A3-9474-1A3956D46DE8}") = "Lesson_02", "Lesson_02", "{D8396B5D-D6C1-4FD3-B3B1-E5A042B60B89}"
EndProject
Project("{FAE04EC0-301F-11D3-BF4B-00C04F79EFBC}") = "Task_02_02", "Task_02_02\Task_02_02.csproj", "{B5A49557-1BE8-42DC-AB19-B74AE87077B1}"
EndProject
Project("{FAE04EC0-301F-11D3-BF4B-00C04F79EFBC}") = "Task_02_04", "Task_02_04\Task_02_04.csproj", "{4C4B9AFD-8B2B-4504-A071-AC8FEA771505}"
EndProject
Project("{2150E333-8FDC-42A3-9474-1A3956D46DE8}") = "Lesson_03", "Lesson_03", "{B00A9B79-965E-4AC1-893D-CE9A7CA13F0C}"
EndProject
Project("{FAE04EC0-301F-11D3-BF4B-00C04F79EFBC}") = "Task_03_04", "Task_03_04\Task_03_04.csproj", "{8EDF7E05-084A-4413-9859-414B0A9CDAEB}"
EndProject
Project("{FAE04EC0-301F-11D3-BF4B-00C04F79EFBC}") = "Task_03_05", "Task_03_05\Task_03_05.csproj", "{AABC4EE5-6BA5-4417-A02C-D52C2C405EE6}"
EndProject
Project("{FAE04EC0-301F-11D3-BF4B-00C04F79EFBC}") = "Task_03_06", "Task_03_06\Task_03_06.csproj", "{523BE947-F850-413C-B6A1-2549C0511A1D}"
EndProject
Project("{FAE04EC0-301F-11D3-BF4B-00C04F79EFBC}") = "Task_03_07", "Task_03_07\Task_03_07.csproj", "{3190544A-7DA4-4B1E-A2A6-3082A425A8D5}"
EndProject
Project("{FAE04EC0-301F-11D3-BF4B-00C04F79EFBC}") = "Task_03_08", "Task_03_08\Task_03_08.csproj", "{660820DB-0486-4ED8-ADC0-0FB2A3ED6278}"
EndProject
Project("{FAE04EC0-301F-11D3-BF4B-00C04F79EFBC}") = "Task_03_09", "Task_03_09\Task_03_09.csproj", "{02E31137-484B-4DAA-A30E-916070129AA2}"
EndProject
Project("{2150E333-8FDC-42A3-9474-1A3956D46DE8}") = "Lesson_04", "Lesson_04", "{660132C1-5D9F-4DE8-A08C-BDD3647881D8}"
EndProject
Project("{FAE04EC0-301F-11D3-BF4B-00C04F79EFBC}") = "Task_04_05", "Task_04_05\Task_04_05.csproj", "{7C6CD822-9C93-4868-B071-3C95AC311355}"
EndProject
Project("{FAE04EC0-301F-11D3-BF4B-00C04F79EFBC}") = "Task_04_06", "Task_04_06\Task_04_06.csproj", "{228A9563-718B-4B4F-A14C-40D03D7513B1}"
EndProject
Project("{FAE04EC0-301F-11D3-BF4B-00C04F79EFBC}") = "Task_04_07", "Task_04_07\Task_04_07.csproj", "{3A2D5B9A-7BFC-443D-A077-BF5BB5145DBC}"
EndProject
Project("{FAE04EC0-301F-11D3-BF4B-00C04F79EFBC}") = "Task_04_08", "Task_04_08\Task_04_08.csproj", "{A78344C8-E600-4DBD-A6BC-F613CDCAA837}"
EndProject
Project("{FAE04EC0-301F-11D3-BF4B-00C04F79EFBC}") = "Task_04_09", "Task_04_09\Task_04_09.csproj", "{76345306-DC54-499D-BCC3-78BB42DF0EEA}"
EndProject
Project("{FAE04EC0-301F-11D3-BF4B-00C04F79EFBC}") = "Task_04_10", "Task_04_10\Task_04_10.csproj", "{56B3E676-240B-4E75-92A5-450DEA2273EA}"
EndProject
Project("{2150E333-8FDC-42A3-9474-1A3956D46DE8}") = "Lesson_05", "Lesson_05", "{6D3D5F50-32FD-48D0-9A4C-C995577AF673}"
EndProject
Project("{FAE04EC0-301F-11D3-BF4B-00C04F79EFBC}") = "Task_05_03", "Task_05_03\Task_05_03.csproj", "{E3383440-1723-4CA0-9486-6CE660406043}"
EndProject
Project("{FAE04EC0-301F-11D3-BF4B-00C04F79EFBC}") = "Task_05_04", "Task_05_04\Task_05_04.csproj", "{1EE19119-2FB1-4320-A5A8-8933B2C33ABA}"
EndProject
Project("{FAE04EC0-301F-11D3-BF4B-00C04F79EFBC}") = "Task_05_05", "Task_05_05\Task_05_05.csproj", "{21879D0E-E165-4058-8D49-67478C639B85}"
EndProject
Project("{FAE04EC0-301F-11D3-BF4B-00C04F79EFBC}") = "Task_05_06", "Task_05_06\Task_05_06.csproj", "{2F966BEC-D089-49B4-B16B-1DA60E2C7E6C}"
EndProject
Project("{FAE04EC0-301F-11D3-BF4B-00C04F79EFBC}") = "Task_05_07", "Task_05_07\Task_05_07.csproj", "{1852FC57-6DA9-4F3D-B0D2-9C7B1CABD89E}"
EndProject
Project("{FAE04EC0-301F-11D3-BF4B-00C04F79EFBC}") = "Task_05_08", "Task_05_08\Task_05_08.csproj", "{56E37D00-678C-460F-A5CE-5CB4CD1E5259}"
EndProject
Project("{FAE04EC0-301F-11D3-BF4B-00C04F79EFBC}") = "Task_05_09", "Task_05_09\Task_05_09.csproj", "{F4944BC3-53CE-4FC8-B0A8-15DF2A05D751}"
EndProject
Project("{2150E333-8FDC-42A3-9474-1A3956D46DE8}") = "Lesson_10", "Lesson_10", "{66DF478C-A5A9-486A-804E-49DB5DC4170E}"
EndProject
Project("{FAE04EC0-301F-11D3-BF4B-00C04F79EFBC}") = "Task_10_06", "Task_10_06\Task_10_06.csproj", "{5BB87A8B-408E-4230-A98E-85BBB4DC8BEB}"
EndProject
Project("{FAE04EC0-301F-11D3-BF4B-00C04F79EFBC}") = "Task_10_07", "Task_10_07\Task_10_07.csproj", "{3181741A-D631-4D2E-8FF0-D43337DEAE22}"
EndProject
Project("{FAE04EC0-301F-11D3-BF4B-00C04F79EFBC}") = "Task_10_08", "Task_10_08\Task_10_08.csproj", "{E17E8A5E-0D63-4883-9F7C-FEBA7A7F8AE6}"
EndProject
Project("{2150E333-8FDC-42A3-9474-1A3956D46DE8}") = "Lesson_11", "Lesson_11", "{856C9F4C-0013-4C60-85CC-A23DB92AE03E}"
EndProject
Project("{FAE04EC0-301F-11D3-BF4B-00C04F79EFBC}") = "Task_11_01", "Task_11_01\Task_11_01.csproj", "{F30C730E-9AED-4BA2-A7C9-7F4434EE0847}"
EndProject
Project("{FAE04EC0-301F-11D3-BF4B-00C04F79EFBC}") = "Task_11_02", "Task_11_02\Task_11_02.csproj", "{2A534379-3344-4C7B-B1CD-240BDDEE4E8C}"
EndProject
Project("{FAE04EC0-301F-11D3-BF4B-00C04F79EFBC}") = "Task_11_03", "Task_11_03\Task_11_03.csproj", "{B934DDE1-B5E4-4FBB-8BE0-A7B1A49B612D}"
EndProject
Project("{FAE04EC0-301F-11D3-BF4B-00C04F79EFBC}") = "Task_11_04", "Task_11_04\Task_11_04.csproj", "{0FFC4E44-E970-472B-BD3F-834C358381A7}"
EndProject
Project("{FAE04EC0-301F-11D3-BF4B-00C04F79EFBC}") = "Task_11_05", "Task_11_05\Task_11_05.csproj", "{C84CBE51-F0EC-4AAB-B9A2-10C4DA5C9F0C}"
EndProject
Project("{FAE04EC0-301F-11D3-BF4B-00C04F79EFBC}") = "Task_11_06", "Task_11_06\Task_11_06.csproj", "{600A5233-A26F-429C-983F-9901EF3B0D06}"
EndProject
Project("{FAE04EC0-301F-11D3-BF4B-00C04F79EFBC}") = "Task_11_07", "Task_11_07\Task_11_07.csproj", "{D4416084-18C7-4A1D-B171-AAE7C18CEF20}"
EndProject
Project("{FAE04EC0-301F-11D3-BF4B-00C04F79EFBC}") = "Task_11_08", "Task_11_08\Task_11_08.csproj", "{A9705054-F073-461B-A30A-D71449384C60}"
EndProject
Project("{2150E333-8FDC-42A3-9474-1A3956D46DE8}") = "Lesson_12", "Lesson_12", "{5F84BC9B-D9F1-4C8B-AB9E-44CBEF27251F}"
EndProject
Project("{FAE04EC0-301F-11D3-BF4B-00C04F79EFBC}") = "Task_12_01", "Task_12_01\Task_12_01.csproj", "{C8024B7E-84ED-4783-8C5C-7B358F9E1FC2}"
EndProject
Project("{FAE04EC0-301F-11D3-BF4B-00C04F79EFBC}") = "Task_12_02", "Task_12_02\Task_12_02.csproj", "{E62E8942-1848-4CAA-AD1C-70FC581A7B4F}"
EndProject
Project("{2150E333-8FDC-42A3-9474-1A3956D46DE8}") = "Lesson_13", "Lesson_13", "{849DF943-7B03-4A8E-A670-8740AE2191BB}"
EndProject
Project("{FAE04EC0-301F-11D3-BF4B-00C04F79EFBC}") = "Task_13_02", "Task_13_02\Task_13_02.csproj", "{239E9DB3-4A3D-4585-B3D5-B8D9C33A70BD}"
EndProject
Project("{FAE04EC0-301F-11D3-BF4B-00C04F79EFBC}") = "Task_13_03", "Task_13_03\Task_13_03.csproj", "{5A77B941-5043-4C46-AA81-3800B4B1CDDF}"
EndProject
Project("{2150E333-8FDC-42A3-9474-1A3956D46DE8}") = "Lesson_14", "Lesson_14", "{C6724243-D2A1-40A5-8251-DA6F84B8E3ED}"
EndProject
Project("{FAE04EC0-301F-11D3-BF4B-00C04F79EFBC}") = "Task_14_03", "Task_14_03\Task_14_03.csproj", "{021210CD-AE9C-4EE9-B1A5-9DFFF1F53E1E}"
EndProject
Project("{FAE04EC0-301F-11D3-BF4B-00C04F79EFBC}") = "Task_14_04", "Task_14_04\Task_14_04.csproj", "{AD8EA386-BA23-4735-BB5B-8D5838255461}"
EndProject
Global
	GlobalSection(SolutionConfigurationPlatforms) = preSolution
		Debug|Any CPU = Debug|Any CPU
		Release|Any CPU = Release|Any CPU
	EndGlobalSection
	GlobalSection(ProjectConfigurationPlatforms) = postSolution
		{B5A49557-1BE8-42DC-AB19-B74AE87077B1}.Debug|Any CPU.ActiveCfg = Debug|Any CPU
		{B5A49557-1BE8-42DC-AB19-B74AE87077B1}.Debug|Any CPU.Build.0 = Debug|Any CPU
		{B5A49557-1BE8-42DC-AB19-B74AE87077B1}.Release|Any CPU.ActiveCfg = Release|Any CPU
		{B5A49557-1BE8-42DC-AB19-B74AE87077B1}.Release|Any CPU.Build.0 = Release|Any CPU
		{4C4B9AFD-8B2B-4504-A071-AC8FEA771505}.Debug|Any CPU.ActiveCfg = Debug|Any CPU
		{4C4B9AFD-8B2B-4504-A071-AC8FEA771505}.Debug|Any CPU.Build.0 = Debug|Any CPU
		{4C4B9AFD-8B2B-4504-A071-AC8FEA771505}.Release|Any CPU.ActiveCfg = Release|Any CPU
		{4C4B9AFD-8B2B-4504-A071-AC8FEA771505}.Release|Any CPU.Build.0 = Release|Any CPU
		{8EDF7E05-084A-4413-9859-414B0A9CDAEB}.Debug|Any CPU.ActiveCfg = Debug|Any CPU
		{8EDF7E05-084A-4413-9859-414B0A9CDAEB}.Debug|Any CPU.Build.0 = Debug|Any CPU
		{8EDF7E05-084A-4413-9859-414B0A9CDAEB}.Release|Any CPU.ActiveCfg = Release|Any CPU
		{8EDF7E05-084A-4413-9859-414B0A9CDAEB}.Release|Any CPU.Build.0 = Release|Any CPU
		{AABC4EE5-6BA5-4417-A02C-D52C2C405EE6}.Debug|Any CPU.ActiveCfg = Debug|Any CPU
		{AABC4EE5-6BA5-4417-A02C-D52C2C405EE6}.Debug|Any CPU.Build.0 = Debug|Any CPU
		{AABC4EE5-6BA5-4417-A02C-D52C2C405EE6}.Release|Any CPU.ActiveCfg = Release|Any CPU
		{AABC4EE5-6BA5-4417-A02C-D52C2C405EE6}.Release|Any CPU.Build.0 = Release|Any CPU
		{523BE947-F850-413C-B6A1-2549C0511A1D}.Debug|Any CPU.ActiveCfg = Debug|Any CPU
		{523BE947-F850-413C-B6A1-2549C0511A1D}.Debug|Any CPU.Build.0 = Debug|Any CPU
		{523BE947-F850-413C-B6A1-2549C0511A1D}.Release|Any CPU.ActiveCfg = Release|Any CPU
		{523BE947-F850-413C-B6A1-2549C0511A1D}.Release|Any CPU.Build.0 = Release|Any CPU
		{3190544A-7DA4-4B1E-A2A6-3082A425A8D5}.Debug|Any CPU.ActiveCfg = Debug|Any CPU
		{3190544A-7DA4-4B1E-A2A6-3082A425A8D5}.Debug|Any CPU.Build.0 = Debug|Any CPU
		{3190544A-7DA4-4B1E-A2A6-3082A425A8D5}.Release|Any CPU.ActiveCfg = Release|Any CPU
		{3190544A-7DA4-4B1E-A2A6-3082A425A8D5}.Release|Any CPU.Build.0 = Release|Any CPU
		{660820DB-0486-4ED8-ADC0-0FB2A3ED6278}.Debug|Any CPU.ActiveCfg = Debug|Any CPU
		{660820DB-0486-4ED8-ADC0-0FB2A3ED6278}.Debug|Any CPU.Build.0 = Debug|Any CPU
		{660820DB-0486-4ED8-ADC0-0FB2A3ED6278}.Release|Any CPU.ActiveCfg = Release|Any CPU
		{660820DB-0486-4ED8-ADC0-0FB2A3ED6278}.Release|Any CPU.Build.0 = Release|Any CPU
		{02E31137-484B-4DAA-A30E-916070129AA2}.Debug|Any CPU.ActiveCfg = Debug|Any CPU
		{02E31137-484B-4DAA-A30E-916070129AA2}.Debug|Any CPU.Build.0 = Debug|Any CPU
		{02E31137-484B-4DAA-A30E-916070129AA2}.Release|Any CPU.ActiveCfg = Release|Any CPU
		{02E31137-484B-4DAA-A30E-916070129AA2}.Release|Any CPU.Build.0 = Release|Any CPU
		{7C6CD822-9C93-4868-B071-3C95AC311355}.Debug|Any CPU.ActiveCfg = Debug|Any CPU
		{7C6CD822-9C93-4868-B071-3C95AC311355}.Debug|Any CPU.Build.0 = Debug|Any CPU
		{7C6CD822-9C93-4868-B071-3C95AC311355}.Release|Any CPU.ActiveCfg = Release|Any CPU
		{7C6CD822-9C93-4868-B071-3C95AC311355}.Release|Any CPU.Build.0 = Release|Any CPU
		{228A9563-718B-4B4F-A14C-40D03D7513B1}.Debug|Any CPU.ActiveCfg = Debug|Any CPU
		{228A9563-718B-4B4F-A14C-40D03D7513B1}.Debug|Any CPU.Build.0 = Debug|Any CPU
		{228A9563-718B-4B4F-A14C-40D03D7513B1}.Release|Any CPU.ActiveCfg = Release|Any CPU
		{228A9563-718B-4B4F-A14C-40D03D7513B1}.Release|Any CPU.Build.0 = Release|Any CPU
		{3A2D5B9A-7BFC-443D-A077-BF5BB5145DBC}.Debug|Any CPU.ActiveCfg = Debug|Any CPU
		{3A2D5B9A-7BFC-443D-A077-BF5BB5145DBC}.Debug|Any CPU.Build.0 = Debug|Any CPU
		{3A2D5B9A-7BFC-443D-A077-BF5BB5145DBC}.Release|Any CPU.ActiveCfg = Release|Any CPU
		{3A2D5B9A-7BFC-443D-A077-BF5BB5145DBC}.Release|Any CPU.Build.0 = Release|Any CPU
		{A78344C8-E600-4DBD-A6BC-F613CDCAA837}.Debug|Any CPU.ActiveCfg = Debug|Any CPU
		{A78344C8-E600-4DBD-A6BC-F613CDCAA837}.Debug|Any CPU.Build.0 = Debug|Any CPU
		{A78344C8-E600-4DBD-A6BC-F613CDCAA837}.Release|Any CPU.ActiveCfg = Release|Any CPU
		{A78344C8-E600-4DBD-A6BC-F613CDCAA837}.Release|Any CPU.Build.0 = Release|Any CPU
		{76345306-DC54-499D-BCC3-78BB42DF0EEA}.Debug|Any CPU.ActiveCfg = Debug|Any CPU
		{76345306-DC54-499D-BCC3-78BB42DF0EEA}.Debug|Any CPU.Build.0 = Debug|Any CPU
		{76345306-DC54-499D-BCC3-78BB42DF0EEA}.Release|Any CPU.ActiveCfg = Release|Any CPU
		{76345306-DC54-499D-BCC3-78BB42DF0EEA}.Release|Any CPU.Build.0 = Release|Any CPU
		{56B3E676-240B-4E75-92A5-450DEA2273EA}.Debug|Any CPU.ActiveCfg = Debug|Any CPU
		{56B3E676-240B-4E75-92A5-450DEA2273EA}.Debug|Any CPU.Build.0 = Debug|Any CPU
		{56B3E676-240B-4E75-92A5-450DEA2273EA}.Release|Any CPU.ActiveCfg = Release|Any CPU
		{56B3E676-240B-4E75-92A5-450DEA2273EA}.Release|Any CPU.Build.0 = Release|Any CPU
		{E3383440-1723-4CA0-9486-6CE660406043}.Debug|Any CPU.ActiveCfg = Debug|Any CPU
		{E3383440-1723-4CA0-9486-6CE660406043}.Debug|Any CPU.Build.0 = Debug|Any CPU
		{E3383440-1723-4CA0-9486-6CE660406043}.Release|Any CPU.ActiveCfg = Release|Any CPU
		{E3383440-1723-4CA0-9486-6CE660406043}.Release|Any CPU.Build.0 = Release|Any CPU
		{1EE19119-2FB1-4320-A5A8-8933B2C33ABA}.Debug|Any CPU.ActiveCfg = Debug|Any CPU
		{1EE19119-2FB1-4320-A5A8-8933B2C33ABA}.Debug|Any CPU.Build.0 = Debug|Any CPU
		{1EE19119-2FB1-4320-A5A8-8933B2C33ABA}.Release|Any CPU.ActiveCfg = Release|Any CPU
		{1EE19119-2FB1-4320-A5A8-8933B2C33ABA}.Release|Any CPU.Build.0 = Release|Any CPU
		{21879D0E-E165-4058-8D49-67478C639B85}.Debug|Any CPU.ActiveCfg = Debug|Any CPU
		{21879D0E-E165-4058-8D49-67478C639B85}.Debug|Any CPU.Build.0 = Debug|Any CPU
		{21879D0E-E165-4058-8D49-67478C639B85}.Release|Any CPU.ActiveCfg = Release|Any CPU
		{21879D0E-E165-4058-8D49-67478C639B85}.Release|Any CPU.Build.0 = Release|Any CPU
		{2F966BEC-D089-49B4-B16B-1DA60E2C7E6C}.Debug|Any CPU.ActiveCfg = Debug|Any CPU
		{2F966BEC-D089-49B4-B16B-1DA60E2C7E6C}.Debug|Any CPU.Build.0 = Debug|Any CPU
		{2F966BEC-D089-49B4-B16B-1DA60E2C7E6C}.Release|Any CPU.ActiveCfg = Release|Any CPU
		{2F966BEC-D089-49B4-B16B-1DA60E2C7E6C}.Release|Any CPU.Build.0 = Release|Any CPU
		{1852FC57-6DA9-4F3D-B0D2-9C7B1CABD89E}.Debug|Any CPU.ActiveCfg = Debug|Any CPU
		{1852FC57-6DA9-4F3D-B0D2-9C7B1CABD89E}.Debug|Any CPU.Build.0 = Debug|Any CPU
		{1852FC57-6DA9-4F3D-B0D2-9C7B1CABD89E}.Release|Any CPU.ActiveCfg = Release|Any CPU
		{1852FC57-6DA9-4F3D-B0D2-9C7B1CABD89E}.Release|Any CPU.Build.0 = Release|Any CPU
		{56E37D00-678C-460F-A5CE-5CB4CD1E5259}.Debug|Any CPU.ActiveCfg = Debug|Any CPU
		{56E37D00-678C-460F-A5CE-5CB4CD1E5259}.Debug|Any CPU.Build.0 = Debug|Any CPU
		{56E37D00-678C-460F-A5CE-5CB4CD1E5259}.Release|Any CPU.ActiveCfg = Release|Any CPU
		{56E37D00-678C-460F-A5CE-5CB4CD1E5259}.Release|Any CPU.Build.0 = Release|Any CPU
		{F4944BC3-53CE-4FC8-B0A8-15DF2A05D751}.Debug|Any CPU.ActiveCfg = Debug|Any CPU
		{F4944BC3-53CE-4FC8-B0A8-15DF2A05D751}.Debug|Any CPU.Build.0 = Debug|Any CPU
		{F4944BC3-53CE-4FC8-B0A8-15DF2A05D751}.Release|Any CPU.ActiveCfg = Release|Any CPU
		{F4944BC3-53CE-4FC8-B0A8-15DF2A05D751}.Release|Any CPU.Build.0 = Release|Any CPU
		{5BB87A8B-408E-4230-A98E-85BBB4DC8BEB}.Debug|Any CPU.ActiveCfg = Debug|Any CPU
		{5BB87A8B-408E-4230-A98E-85BBB4DC8BEB}.Debug|Any CPU.Build.0 = Debug|Any CPU
		{5BB87A8B-408E-4230-A98E-85BBB4DC8BEB}.Release|Any CPU.ActiveCfg = Release|Any CPU
		{5BB87A8B-408E-4230-A98E-85BBB4DC8BEB}.Release|Any CPU.Build.0 = Release|Any CPU
		{3181741A-D631-4D2E-8FF0-D43337DEAE22}.Debug|Any CPU.ActiveCfg = Debug|Any CPU
		{3181741A-D631-4D2E-8FF0-D43337DEAE22}.Debug|Any CPU.Build.0 = Debug|Any CPU
		{3181741A-D631-4D2E-8FF0-D43337DEAE22}.Release|Any CPU.ActiveCfg = Release|Any CPU
		{3181741A-D631-4D2E-8FF0-D43337DEAE22}.Release|Any CPU.Build.0 = Release|Any CPU
		{E17E8A5E-0D63-4883-9F7C-FEBA7A7F8AE6}.Debug|Any CPU.ActiveCfg = Debug|Any CPU
		{E17E8A5E-0D63-4883-9F7C-FEBA7A7F8AE6}.Debug|Any CPU.Build.0 = Debug|Any CPU
		{E17E8A5E-0D63-4883-9F7C-FEBA7A7F8AE6}.Release|Any CPU.ActiveCfg = Release|Any CPU
		{E17E8A5E-0D63-4883-9F7C-FEBA7A7F8AE6}.Release|Any CPU.Build.0 = Release|Any CPU
		{F30C730E-9AED-4BA2-A7C9-7F4434EE0847}.Debug|Any CPU.ActiveCfg = Debug|Any CPU
		{F30C730E-9AED-4BA2-A7C9-7F4434EE0847}.Debug|Any CPU.Build.0 = Debug|Any CPU
		{F30C730E-9AED-4BA2-A7C9-7F4434EE0847}.Release|Any CPU.ActiveCfg = Release|Any CPU
		{F30C730E-9AED-4BA2-A7C9-7F4434EE0847}.Release|Any CPU.Build.0 = Release|Any CPU
		{2A534379-3344-4C7B-B1CD-240BDDEE4E8C}.Debug|Any CPU.ActiveCfg = Debug|Any CPU
		{2A534379-3344-4C7B-B1CD-240BDDEE4E8C}.Debug|Any CPU.Build.0 = Debug|Any CPU
		{2A534379-3344-4C7B-B1CD-240BDDEE4E8C}.Release|Any CPU.ActiveCfg = Release|Any CPU
		{2A534379-3344-4C7B-B1CD-240BDDEE4E8C}.Release|Any CPU.Build.0 = Release|Any CPU
		{B934DDE1-B5E4-4FBB-8BE0-A7B1A49B612D}.Debug|Any CPU.ActiveCfg = Debug|Any CPU
		{B934DDE1-B5E4-4FBB-8BE0-A7B1A49B612D}.Debug|Any CPU.Build.0 = Debug|Any CPU
		{B934DDE1-B5E4-4FBB-8BE0-A7B1A49B612D}.Release|Any CPU.ActiveCfg = Release|Any CPU
		{B934DDE1-B5E4-4FBB-8BE0-A7B1A49B612D}.Release|Any CPU.Build.0 = Release|Any CPU
		{0FFC4E44-E970-472B-BD3F-834C358381A7}.Debug|Any CPU.ActiveCfg = Debug|Any CPU
		{0FFC4E44-E970-472B-BD3F-834C358381A7}.Debug|Any CPU.Build.0 = Debug|Any CPU
		{0FFC4E44-E970-472B-BD3F-834C358381A7}.Release|Any CPU.ActiveCfg = Release|Any CPU
		{0FFC4E44-E970-472B-BD3F-834C358381A7}.Release|Any CPU.Build.0 = Release|Any CPU
		{C84CBE51-F0EC-4AAB-B9A2-10C4DA5C9F0C}.Debug|Any CPU.ActiveCfg = Debug|Any CPU
		{C84CBE51-F0EC-4AAB-B9A2-10C4DA5C9F0C}.Debug|Any CPU.Build.0 = Debug|Any CPU
		{C84CBE51-F0EC-4AAB-B9A2-10C4DA5C9F0C}.Release|Any CPU.ActiveCfg = Release|Any CPU
		{C84CBE51-F0EC-4AAB-B9A2-10C4DA5C9F0C}.Release|Any CPU.Build.0 = Release|Any CPU
		{600A5233-A26F-429C-983F-9901EF3B0D06}.Debug|Any CPU.ActiveCfg = Debug|Any CPU
		{600A5233-A26F-429C-983F-9901EF3B0D06}.Debug|Any CPU.Build.0 = Debug|Any CPU
		{600A5233-A26F-429C-983F-9901EF3B0D06}.Release|Any CPU.ActiveCfg = Release|Any CPU
		{600A5233-A26F-429C-983F-9901EF3B0D06}.Release|Any CPU.Build.0 = Release|Any CPU
		{D4416084-18C7-4A1D-B171-AAE7C18CEF20}.Debug|Any CPU.ActiveCfg = Debug|Any CPU
		{D4416084-18C7-4A1D-B171-AAE7C18CEF20}.Debug|Any CPU.Build.0 = Debug|Any CPU
		{D4416084-18C7-4A1D-B171-AAE7C18CEF20}.Release|Any CPU.ActiveCfg = Release|Any CPU
		{D4416084-18C7-4A1D-B171-AAE7C18CEF20}.Release|Any CPU.Build.0 = Release|Any CPU
		{A9705054-F073-461B-A30A-D71449384C60}.Debug|Any CPU.ActiveCfg = Debug|Any CPU
		{A9705054-F073-461B-A30A-D71449384C60}.Debug|Any CPU.Build.0 = Debug|Any CPU
		{A9705054-F073-461B-A30A-D71449384C60}.Release|Any CPU.ActiveCfg = Release|Any CPU
		{A9705054-F073-461B-A30A-D71449384C60}.Release|Any CPU.Build.0 = Release|Any CPU
		{C8024B7E-84ED-4783-8C5C-7B358F9E1FC2}.Debug|Any CPU.ActiveCfg = Debug|Any CPU
		{C8024B7E-84ED-4783-8C5C-7B358F9E1FC2}.Debug|Any CPU.Build.0 = Debug|Any CPU
		{C8024B7E-84ED-4783-8C5C-7B358F9E1FC2}.Release|Any CPU.ActiveCfg = Release|Any CPU
		{C8024B7E-84ED-4783-8C5C-7B358F9E1FC2}.Release|Any CPU.Build.0 = Release|Any CPU
		{E62E8942-1848-4CAA-AD1C-70FC581A7B4F}.Debug|Any CPU.ActiveCfg = Debug|Any CPU
		{E62E8942-1848-4CAA-AD1C-70FC581A7B4F}.Debug|Any CPU.Build.0 = Debug|Any CPU
		{E62E8942-1848-4CAA-AD1C-70FC581A7B4F}.Release|Any CPU.ActiveCfg = Release|Any CPU
		{E62E8942-1848-4CAA-AD1C-70FC581A7B4F}.Release|Any CPU.Build.0 = Release|Any CPU
		{239E9DB3-4A3D-4585-B3D5-B8D9C33A70BD}.Debug|Any CPU.ActiveCfg = Debug|Any CPU
		{239E9DB3-4A3D-4585-B3D5-B8D9C33A70BD}.Debug|Any CPU.Build.0 = Debug|Any CPU
		{239E9DB3-4A3D-4585-B3D5-B8D9C33A70BD}.Release|Any CPU.ActiveCfg = Release|Any CPU
		{239E9DB3-4A3D-4585-B3D5-B8D9C33A70BD}.Release|Any CPU.Build.0 = Release|Any CPU
		{5A77B941-5043-4C46-AA81-3800B4B1CDDF}.Debug|Any CPU.ActiveCfg = Debug|Any CPU
		{5A77B941-5043-4C46-AA81-3800B4B1CDDF}.Debug|Any CPU.Build.0 = Debug|Any CPU
		{5A77B941-5043-4C46-AA81-3800B4B1CDDF}.Release|Any CPU.ActiveCfg = Release|Any CPU
		{5A77B941-5043-4C46-AA81-3800B4B1CDDF}.Release|Any CPU.Build.0 = Release|Any CPU
		{021210CD-AE9C-4EE9-B1A5-9DFFF1F53E1E}.Debug|Any CPU.ActiveCfg = Debug|Any CPU
		{021210CD-AE9C-4EE9-B1A5-9DFFF1F53E1E}.Debug|Any CPU.Build.0 = Debug|Any CPU
		{021210CD-AE9C-4EE9-B1A5-9DFFF1F53E1E}.Release|Any CPU.ActiveCfg = Release|Any CPU
		{021210CD-AE9C-4EE9-B1A5-9DFFF1F53E1E}.Release|Any CPU.Build.0 = Release|Any CPU
		{AD8EA386-BA23-4735-BB5B-8D5838255461}.Debug|Any CPU.ActiveCfg = Debug|Any CPU
		{AD8EA386-BA23-4735-BB5B-8D5838255461}.Debug|Any CPU.Build.0 = Debug|Any CPU
		{AD8EA386-BA23-4735-BB5B-8D5838255461}.Release|Any CPU.ActiveCfg = Release|Any CPU
		{AD8EA386-BA23-4735-BB5B-8D5838255461}.Release|Any CPU.Build.0 = Release|Any CPU
	EndGlobalSection
	GlobalSection(SolutionProperties) = preSolution
		HideSolutionNode = FALSE
	EndGlobalSection
	GlobalSection(NestedProjects) = preSolution
		{B5A49557-1BE8-42DC-AB19-B74AE87077B1} = {D8396B5D-D6C1-4FD3-B3B1-E5A042B60B89}
		{4C4B9AFD-8B2B-4504-A071-AC8FEA771505} = {D8396B5D-D6C1-4FD3-B3B1-E5A042B60B89}
		{8EDF7E05-084A-4413-9859-414B0A9CDAEB} = {B00A9B79-965E-4AC1-893D-CE9A7CA13F0C}
		{AABC4EE5-6BA5-4417-A02C-D52C2C405EE6} = {B00A9B79-965E-4AC1-893D-CE9A7CA13F0C}
		{523BE947-F850-413C-B6A1-2549C0511A1D} = {B00A9B79-965E-4AC1-893D-CE9A7CA13F0C}
		{3190544A-7DA4-4B1E-A2A6-3082A425A8D5} = {B00A9B79-965E-4AC1-893D-CE9A7CA13F0C}
		{660820DB-0486-4ED8-ADC0-0FB2A3ED6278} = {B00A9B79-965E-4AC1-893D-CE9A7CA13F0C}
		{02E31137-484B-4DAA-A30E-916070129AA2} = {B00A9B79-965E-4AC1-893D-CE9A7CA13F0C}
		{7C6CD822-9C93-4868-B071-3C95AC311355} = {660132C1-5D9F-4DE8-A08C-BDD3647881D8}
		{228A9563-718B-4B4F-A14C-40D03D7513B1} = {660132C1-5D9F-4DE8-A08C-BDD3647881D8}
		{3A2D5B9A-7BFC-443D-A077-BF5BB5145DBC} = {660132C1-5D9F-4DE8-A08C-BDD3647881D8}
		{A78344C8-E600-4DBD-A6BC-F613CDCAA837} = {660132C1-5D9F-4DE8-A08C-BDD3647881D8}
		{76345306-DC54-499D-BCC3-78BB42DF0EEA} = {660132C1-5D9F-4DE8-A08C-BDD3647881D8}
		{56B3E676-240B-4E75-92A5-450DEA2273EA} = {660132C1-5D9F-4DE8-A08C-BDD3647881D8}
		{E3383440-1723-4CA0-9486-6CE660406043} = {6D3D5F50-32FD-48D0-9A4C-C995577AF673}
		{1EE19119-2FB1-4320-A5A8-8933B2C33ABA} = {6D3D5F50-32FD-48D0-9A4C-C995577AF673}
		{21879D0E-E165-4058-8D49-67478C639B85} = {6D3D5F50-32FD-48D0-9A4C-C995577AF673}
		{2F966BEC-D089-49B4-B16B-1DA60E2C7E6C} = {6D3D5F50-32FD-48D0-9A4C-C995577AF673}
		{1852FC57-6DA9-4F3D-B0D2-9C7B1CABD89E} = {6D3D5F50-32FD-48D0-9A4C-C995577AF673}
		{56E37D00-678C-460F-A5CE-5CB4CD1E5259} = {6D3D5F50-32FD-48D0-9A4C-C995577AF673}
		{F4944BC3-53CE-4FC8-B0A8-15DF2A05D751} = {6D3D5F50-32FD-48D0-9A4C-C995577AF673}
		{5BB87A8B-408E-4230-A98E-85BBB4DC8BEB} = {66DF478C-A5A9-486A-804E-49DB5DC4170E}
		{3181741A-D631-4D2E-8FF0-D43337DEAE22} = {66DF478C-A5A9-486A-804E-49DB5DC4170E}
		{E17E8A5E-0D63-4883-9F7C-FEBA7A7F8AE6} = {66DF478C-A5A9-486A-804E-49DB5DC4170E}
		{F30C730E-9AED-4BA2-A7C9-7F4434EE0847} = {856C9F4C-0013-4C60-85CC-A23DB92AE03E}
		{2A534379-3344-4C7B-B1CD-240BDDEE4E8C} = {856C9F4C-0013-4C60-85CC-A23DB92AE03E}
		{B934DDE1-B5E4-4FBB-8BE0-A7B1A49B612D} = {856C9F4C-0013-4C60-85CC-A23DB92AE03E}
		{0FFC4E44-E970-472B-BD3F-834C358381A7} = {856C9F4C-0013-4C60-85CC-A23DB92AE03E}
		{C84CBE51-F0EC-4AAB-B9A2-10C4DA5C9F0C} = {856C9F4C-0013-4C60-85CC-A23DB92AE03E}
		{600A5233-A26F-429C-983F-9901EF3B0D06} = {856C9F4C-0013-4C60-85CC-A23DB92AE03E}
		{D4416084-18C7-4A1D-B171-AAE7C18CEF20} = {856C9F4C-0013-4C60-85CC-A23DB92AE03E}
		{A9705054-F073-461B-A30A-D71449384C60} = {856C9F4C-0013-4C60-85CC-A23DB92AE03E}
		{C8024B7E-84ED-4783-8C5C-7B358F9E1FC2} = {5F84BC9B-D9F1-4C8B-AB9E-44CBEF27251F}
		{E62E8942-1848-4CAA-AD1C-70FC581A7B4F} = {5F84BC9B-D9F1-4C8B-AB9E-44CBEF27251F}
		{239E9DB3-4A3D-4585-B3D5-B8D9C33A70BD} = {849DF943-7B03-4A8E-A670-8740AE2191BB}
		{5A77B941-5043-4C46-AA81-3800B4B1CDDF} = {849DF943-7B03-4A8E-A670-8740AE2191BB}
		{021210CD-AE9C-4EE9-B1A5-9DFFF1F53E1E} = {C6724243-D2A1-40A5-8251-DA6F84B8E3ED}
		{AD8EA386-BA23-4735-BB5B-8D5838255461} = {C6724243-D2A1-40A5-8251-DA6F84B8E3ED}
	EndGlobalSection
EndGlobal
